
Microsoft Visual Studio Solution File, Format Version 12.00
# Visual Studio 15
VisualStudioVersion = 15.0.28307.421
MinimumVisualStudioVersion = 10.0.40219.1
Project("{FAE04EC0-301F-11D3-BF4B-00C04F79EFBC}") = "SquareNewtonRoot", "SquareNewtonRoot\SquareNewtonRoot.csproj", "{315415DF-6A6E-4A44-BF92-76841060F39C}"
EndProject
Project("{FAE04EC0-301F-11D3-BF4B-00C04F79EFBC}") = "UnitTest", "UnitTest\UnitTest.csproj", "{C4C31F74-6167-42E0-B827-9F29AD6CD9B2}"
EndProject
Global
	GlobalSection(SolutionConfigurationPlatforms) = preSolution
		Debug|Any CPU = Debug|Any CPU
		Release|Any CPU = Release|Any CPU
	EndGlobalSection
	GlobalSection(ProjectConfigurationPlatforms) = postSolution
		{315415DF-6A6E-4A44-BF92-76841060F39C}.Debug|Any CPU.ActiveCfg = Debug|Any CPU
		{315415DF-6A6E-4A44-BF92-76841060F39C}.Debug|Any CPU.Build.0 = Debug|Any CPU
		{315415DF-6A6E-4A44-BF92-76841060F39C}.Release|Any CPU.ActiveCfg = Release|Any CPU
		{315415DF-6A6E-4A44-BF92-76841060F39C}.Release|Any CPU.Build.0 = Release|Any CPU
		{C4C31F74-6167-42E0-B827-9F29AD6CD9B2}.Debug|Any CPU.ActiveCfg = Debug|Any CPU
		{C4C31F74-6167-42E0-B827-9F29AD6CD9B2}.Debug|Any CPU.Build.0 = Debug|Any CPU
		{C4C31F74-6167-42E0-B827-9F29AD6CD9B2}.Release|Any CPU.ActiveCfg = Release|Any CPU
		{C4C31F74-6167-42E0-B827-9F29AD6CD9B2}.Release|Any CPU.Build.0 = Release|Any CPU
	EndGlobalSection
	GlobalSection(SolutionProperties) = preSolution
		HideSolutionNode = FALSE
	EndGlobalSection
	GlobalSection(ExtensibilityGlobals) = postSolution
		SolutionGuid = {AB79CE68-E2B4-4ECC-877A-0CD2D321B1CA}
	EndGlobalSection
EndGlobal
