
Microsoft Visual Studio Solution File, Format Version 12.00
# Visual Studio 15
VisualStudioVersion = 15.0.28307.421
MinimumVisualStudioVersion = 10.0.40219.1
Project("{FAE04EC0-301F-11D3-BF4B-00C04F79EFBC}") = "DecimalToBinaryNumberConverter", "DecimalToBinaryNumberConverter\DecimalToBinaryNumberConverter.csproj", "{189E19D7-A4D7-4D52-BBFA-598A360F7146}"
EndProject
Project("{FAE04EC0-301F-11D3-BF4B-00C04F79EFBC}") = "UnitTest", "UnitTest\UnitTest.csproj", "{51EFC249-344A-4400-ABBE-32031D910DED}"
EndProject
Global
	GlobalSection(SolutionConfigurationPlatforms) = preSolution
		Debug|Any CPU = Debug|Any CPU
		Release|Any CPU = Release|Any CPU
	EndGlobalSection
	GlobalSection(ProjectConfigurationPlatforms) = postSolution
		{189E19D7-A4D7-4D52-BBFA-598A360F7146}.Debug|Any CPU.ActiveCfg = Debug|Any CPU
		{189E19D7-A4D7-4D52-BBFA-598A360F7146}.Debug|Any CPU.Build.0 = Debug|Any CPU
		{189E19D7-A4D7-4D52-BBFA-598A360F7146}.Release|Any CPU.ActiveCfg = Release|Any CPU
		{189E19D7-A4D7-4D52-BBFA-598A360F7146}.Release|Any CPU.Build.0 = Release|Any CPU
		{51EFC249-344A-4400-ABBE-32031D910DED}.Debug|Any CPU.ActiveCfg = Debug|Any CPU
		{51EFC249-344A-4400-ABBE-32031D910DED}.Debug|Any CPU.Build.0 = Debug|Any CPU
		{51EFC249-344A-4400-ABBE-32031D910DED}.Release|Any CPU.ActiveCfg = Release|Any CPU
		{51EFC249-344A-4400-ABBE-32031D910DED}.Release|Any CPU.Build.0 = Release|Any CPU
	EndGlobalSection
	GlobalSection(SolutionProperties) = preSolution
		HideSolutionNode = FALSE
	EndGlobalSection
	GlobalSection(ExtensibilityGlobals) = postSolution
		SolutionGuid = {C238927A-9FE2-4770-91D1-AFCF2D96BA40}
	EndGlobalSection
EndGlobal
